{
  "name": "game-pacman",
  "lockfileVersion": 3,
  "requires": true,
  "packages": {
    "": {
      "devDependencies": {
        "@gamely/gly-cli": "^0.3.7"
      }
    },
    "node_modules/@gamely/gly-cli": {
      "version": "0.3.7",
      "resolved": "https://registry.npmjs.org/@gamely/gly-cli/-/gly-cli-0.3.7.tgz",
      "integrity": "sha512-5+cCpl1ix1E0lFP05aLRewFtrmFMWO12bAhb96K87YzOZnfUTMkr2aIzBMOlpxPI/j9PQFakpXw1heyG3bux7w==",
      "dev": true,
      "license": "Apache-2.0",
      "bin": {
        "gly-cli": "cli.js"
      },
      "funding": {
        "url": "https://github.com/sponsors/RodrigoDornelles"
      }
    }
  }
}
